
Microsoft Visual Studio Solution File, Format Version 12.00
# Visual Studio Version 17
VisualStudioVersion = 17.8.34511.84
MinimumVisualStudioVersion = 10.0.40219.1
Project("{9A19103F-16F7-4668-BE54-9A1E7A4F7556}") = "RookieDriver", "RookieDriver\RookieDriver.csproj", "{71E39DEC-B35E-436F-99DC-79E91C3ADA26}"
EndProject
Global
	GlobalSection(SolutionConfigurationPlatforms) = preSolution
		Debug|Any CPU = Debug|Any CPU
		Release|Any CPU = Release|Any CPU
	EndGlobalSection
	GlobalSection(ProjectConfigurationPlatforms) = postSolution
		{71E39DEC-B35E-436F-99DC-79E91C3ADA26}.Debug|Any CPU.ActiveCfg = Debug|Any CPU
		{71E39DEC-B35E-436F-99DC-79E91C3ADA26}.Debug|Any CPU.Build.0 = Debug|Any CPU
		{71E39DEC-B35E-436F-99DC-79E91C3ADA26}.Release|Any CPU.ActiveCfg = Release|Any CPU
		{71E39DEC-B35E-436F-99DC-79E91C3ADA26}.Release|Any CPU.Build.0 = Release|Any CPU
	EndGlobalSection
	GlobalSection(SolutionProperties) = preSolution
		HideSolutionNode = FALSE
	EndGlobalSection
	GlobalSection(ExtensibilityGlobals) = postSolution
		SolutionGuid = {0F5C5A2E-6506-43BA-AA88-FA90E3743C38}
	EndGlobalSection
EndGlobal
